// !$*UTF8*$!
{
	archiveVersion = 1;
	classes = {
	};
	objectVersion = 56;
	objects = {

/* Begin PBXBuildFile section */
		103855112C6771A40053048F /* GradientView.swift in Sources */ = {isa = PBXBuildFile; fileRef = 103855102C6771A40053048F /* GradientView.swift */; };
		103855142C6773950053048F /* Color.swift in Sources */ = {isa = PBXBuildFile; fileRef = 103855132C6773950053048F /* Color.swift */; };
		103855182C67AC590053048F /* CustomNavBarModifier.swift in Sources */ = {isa = PBXBuildFile; fileRef = 103855172C67AC590053048F /* CustomNavBarModifier.swift */; };
		1038551A2C67CB250053048F /* QuizBottomInfoView.swift in Sources */ = {isa = PBXBuildFile; fileRef = 103855192C67CB250053048F /* QuizBottomInfoView.swift */; };
		1038551D2C67DD200053048F /* CustomRoundedCorners.swift in Sources */ = {isa = PBXBuildFile; fileRef = 1038551C2C67DD200053048F /* CustomRoundedCorners.swift */; };
		1038551F2C67E0DB0053048F /* RoundedButtonStyle.swift in Sources */ = {isa = PBXBuildFile; fileRef = 1038551E2C67E0DB0053048F /* RoundedButtonStyle.swift */; };
		106D9CB42C676EC4001FDF03 /* HomeView.swift in Sources */ = {isa = PBXBuildFile; fileRef = 106D9CB32C676EC4001FDF03 /* HomeView.swift */; };
		106D9CB62C676EDF001FDF03 /* QuizModel.swift in Sources */ = {isa = PBXBuildFile; fileRef = 106D9CB52C676EDF001FDF03 /* QuizModel.swift */; };
		106D9CB82C676F0C001FDF03 /* QuizViewModel.swift in Sources */ = {isa = PBXBuildFile; fileRef = 106D9CB72C676F0C001FDF03 /* QuizViewModel.swift */; };
		10DEA09D2C6761C60079C9C4 /* Quiz_AppApp.swift in Sources */ = {isa = PBXBuildFile; fileRef = 10DEA09C2C6761C60079C9C4 /* Quiz_AppApp.swift */; };
		10DEA09F2C6761C60079C9C4 /* ContentView.swift in Sources */ = {isa = PBXBuildFile; fileRef = 10DEA09E2C6761C60079C9C4 /* ContentView.swift */; };
		10DEA0A12C6761C70079C9C4 /* Assets.xcassets in Resources */ = {isa = PBXBuildFile; fileRef = 10DEA0A02C6761C70079C9C4 /* Assets.xcassets */; };
		10DEA0A42C6761C70079C9C4 /* Preview Assets.xcassets in Resources */ = {isa = PBXBuildFile; fileRef = 10DEA0A32C6761C70079C9C4 /* Preview Assets.xcassets */; };
/* End PBXBuildFile section */

/* Begin PBXFileReference section */
		103855102C6771A40053048F /* GradientView.swift */ = {isa = PBXFileReference; lastKnownFileType = sourcecode.swift; path = GradientView.swift; sourceTree = "<group>"; };
		103855132C6773950053048F /* Color.swift */ = {isa = PBXFileReference; lastKnownFileType = sourcecode.swift; path = Color.swift; sourceTree = "<group>"; };
		103855172C67AC590053048F /* CustomNavBarModifier.swift */ = {isa = PBXFileReference; lastKnownFileType = sourcecode.swift; path = CustomNavBarModifier.swift; sourceTree = "<group>"; };
		103855192C67CB250053048F /* QuizBottomInfoView.swift */ = {isa = PBXFileReference; lastKnownFileType = sourcecode.swift; path = QuizBottomInfoView.swift; sourceTree = "<group>"; };
		1038551C2C67DD200053048F /* CustomRoundedCorners.swift */ = {isa = PBXFileReference; lastKnownFileType = sourcecode.swift; path = CustomRoundedCorners.swift; sourceTree = "<group>"; };
		1038551E2C67E0DB0053048F /* RoundedButtonStyle.swift */ = {isa = PBXFileReference; lastKnownFileType = sourcecode.swift; path = RoundedButtonStyle.swift; sourceTree = "<group>"; };
		106D9CB32C676EC4001FDF03 /* HomeView.swift */ = {isa = PBXFileReference; lastKnownFileType = sourcecode.swift; path = HomeView.swift; sourceTree = "<group>"; };
		106D9CB52C676EDF001FDF03 /* QuizModel.swift */ = {isa = PBXFileReference; lastKnownFileType = sourcecode.swift; path = QuizModel.swift; sourceTree = "<group>"; };
		106D9CB72C676F0C001FDF03 /* QuizViewModel.swift */ = {isa = PBXFileReference; lastKnownFileType = sourcecode.swift; path = QuizViewModel.swift; sourceTree = "<group>"; };
		10DEA0992C6761C60079C9C4 /* Quiz App.app */ = {isa = PBXFileReference; explicitFileType = wrapper.application; includeInIndex = 0; path = "Quiz App.app"; sourceTree = BUILT_PRODUCTS_DIR; };
		10DEA09C2C6761C60079C9C4 /* Quiz_AppApp.swift */ = {isa = PBXFileReference; lastKnownFileType = sourcecode.swift; path = Quiz_AppApp.swift; sourceTree = "<group>"; };
		10DEA09E2C6761C60079C9C4 /* ContentView.swift */ = {isa = PBXFileReference; lastKnownFileType = sourcecode.swift; path = ContentView.swift; sourceTree = "<group>"; };
		10DEA0A02C6761C70079C9C4 /* Assets.xcassets */ = {isa = PBXFileReference; lastKnownFileType = folder.assetcatalog; path = Assets.xcassets; sourceTree = "<group>"; };
		10DEA0A32C6761C70079C9C4 /* Preview Assets.xcassets */ = {isa = PBXFileReference; lastKnownFileType = folder.assetcatalog; path = "Preview Assets.xcassets"; sourceTree = "<group>"; };
/* End PBXFileReference section */

/* Begin PBXFrameworksBuildPhase section */
		10DEA0962C6761C60079C9C4 /* Frameworks */ = {
			isa = PBXFrameworksBuildPhase;
			buildActionMask = 2147483647;
			files = (
			);
			runOnlyForDeploymentPostprocessing = 0;
		};
/* End PBXFrameworksBuildPhase section */

/* Begin PBXGroup section */
		1038550E2C6771750053048F /* MainView */ = {
			isa = PBXGroup;
			children = (
				106D9CB32C676EC4001FDF03 /* HomeView.swift */,
			);
			path = MainView;
			sourceTree = "<group>";
		};
		1038550F2C67717D0053048F /* SubView */ = {
			isa = PBXGroup;
			children = (
				103855102C6771A40053048F /* GradientView.swift */,
				103855192C67CB250053048F /* QuizBottomInfoView.swift */,
			);
			path = SubView;
			sourceTree = "<group>";
		};
		103855122C67728F0053048F /* Extension */ = {
			isa = PBXGroup;
			children = (
				103855132C6773950053048F /* Color.swift */,
			);
			path = Extension;
			sourceTree = "<group>";
		};
		1038551B2C67DCEE0053048F /* CustomUIComponents */ = {
			isa = PBXGroup;
			children = (
				103855172C67AC590053048F /* CustomNavBarModifier.swift */,
				1038551C2C67DD200053048F /* CustomRoundedCorners.swift */,
				1038551E2C67E0DB0053048F /* RoundedButtonStyle.swift */,
			);
			path = CustomUIComponents;
			sourceTree = "<group>";
		};
		10DEA0902C6761C60079C9C4 = {
			isa = PBXGroup;
			children = (
				10DEA09B2C6761C60079C9C4 /* Quiz App */,
				10DEA09A2C6761C60079C9C4 /* Products */,
			);
			sourceTree = "<group>";
		};
		10DEA09A2C6761C60079C9C4 /* Products */ = {
			isa = PBXGroup;
			children = (
				10DEA0992C6761C60079C9C4 /* Quiz App.app */,
			);
			name = Products;
			sourceTree = "<group>";
		};
		10DEA09B2C6761C60079C9C4 /* Quiz App */ = {
			isa = PBXGroup;
			children = (
				10DEA0AB2C6762270079C9C4 /* Model */,
				10DEA0AA2C67621C0079C9C4 /* View */,
				10DEA0AC2C6762320079C9C4 /* ViewModel */,
				103855122C67728F0053048F /* Extension */,
				10DEA09E2C6761C60079C9C4 /* ContentView.swift */,
				10DEA09C2C6761C60079C9C4 /* Quiz_AppApp.swift */,
				10DEA0A02C6761C70079C9C4 /* Assets.xcassets */,
				10DEA0A22C6761C70079C9C4 /* Preview Content */,
			);
			path = "Quiz App";
			sourceTree = "<group>";
		};
		10DEA0A22C6761C70079C9C4 /* Preview Content */ = {
			isa = PBXGroup;
			children = (
				10DEA0A32C6761C70079C9C4 /* Preview Assets.xcassets */,
			);
			path = "Preview Content";
			sourceTree = "<group>";
		};
		10DEA0AA2C67621C0079C9C4 /* View */ = {
			isa = PBXGroup;
			children = (
				1038550E2C6771750053048F /* MainView */,
				1038550F2C67717D0053048F /* SubView */,
				1038551B2C67DCEE0053048F /* CustomUIComponents */,
			);
			path = View;
			sourceTree = "<group>";
		};
		10DEA0AB2C6762270079C9C4 /* Model */ = {
			isa = PBXGroup;
			children = (
				106D9CB52C676EDF001FDF03 /* QuizModel.swift */,
			);
			path = Model;
			sourceTree = "<group>";
		};
		10DEA0AC2C6762320079C9C4 /* ViewModel */ = {
			isa = PBXGroup;
			children = (
				106D9CB72C676F0C001FDF03 /* QuizViewModel.swift */,
			);
			path = ViewModel;
			sourceTree = "<group>";
		};
/* End PBXGroup section */

/* Begin PBXNativeTarget section */
		10DEA0982C6761C60079C9C4 /* Quiz App */ = {
			isa = PBXNativeTarget;
			buildConfigurationList = 10DEA0A72C6761C70079C9C4 /* Build configuration list for PBXNativeTarget "Quiz App" */;
			buildPhases = (
				10DEA0952C6761C60079C9C4 /* Sources */,
				10DEA0962C6761C60079C9C4 /* Frameworks */,
				10DEA0972C6761C60079C9C4 /* Resources */,
			);
			buildRules = (
			);
			dependencies = (
			);
			name = "Quiz App";
			productName = "Quiz App";
			productReference = 10DEA0992C6761C60079C9C4 /* Quiz App.app */;
			productType = "com.apple.product-type.application";
		};
/* End PBXNativeTarget section */

/* Begin PBXProject section */
		10DEA0912C6761C60079C9C4 /* Project object */ = {
			isa = PBXProject;
			attributes = {
				BuildIndependentTargetsInParallel = 1;
				LastSwiftUpdateCheck = 1430;
				LastUpgradeCheck = 1430;
				TargetAttributes = {
					10DEA0982C6761C60079C9C4 = {
						CreatedOnToolsVersion = 14.3.1;
					};
				};
			};
			buildConfigurationList = 10DEA0942C6761C60079C9C4 /* Build configuration list for PBXProject "Quiz App" */;
			compatibilityVersion = "Xcode 14.0";
			developmentRegion = en;
			hasScannedForEncodings = 0;
			knownRegions = (
				en,
				Base,
			);
			mainGroup = 10DEA0902C6761C60079C9C4;
			productRefGroup = 10DEA09A2C6761C60079C9C4 /* Products */;
			projectDirPath = "";
			projectRoot = "";
			targets = (
				10DEA0982C6761C60079C9C4 /* Quiz App */,
			);
		};
/* End PBXProject section */

/* Begin PBXResourcesBuildPhase section */
		10DEA0972C6761C60079C9C4 /* Resources */ = {
			isa = PBXResourcesBuildPhase;
			buildActionMask = 2147483647;
			files = (
				10DEA0A42C6761C70079C9C4 /* Preview Assets.xcassets in Resources */,
				10DEA0A12C6761C70079C9C4 /* Assets.xcassets in Resources */,
			);
			runOnlyForDeploymentPostprocessing = 0;
		};
/* End PBXResourcesBuildPhase section */

/* Begin PBXSourcesBuildPhase section */
		10DEA0952C6761C60079C9C4 /* Sources */ = {
			isa = PBXSourcesBuildPhase;
			buildActionMask = 2147483647;
			files = (
				106D9CB62C676EDF001FDF03 /* QuizModel.swift in Sources */,
				106D9CB42C676EC4001FDF03 /* HomeView.swift in Sources */,
				1038551F2C67E0DB0053048F /* RoundedButtonStyle.swift in Sources */,
				1038551A2C67CB250053048F /* QuizBottomInfoView.swift in Sources */,
				103855182C67AC590053048F /* CustomNavBarModifier.swift in Sources */,
				103855142C6773950053048F /* Color.swift in Sources */,
				1038551D2C67DD200053048F /* CustomRoundedCorners.swift in Sources */,
				103855112C6771A40053048F /* GradientView.swift in Sources */,
				10DEA09F2C6761C60079C9C4 /* ContentView.swift in Sources */,
				106D9CB82C676F0C001FDF03 /* QuizViewModel.swift in Sources */,
				10DEA09D2C6761C60079C9C4 /* Quiz_AppApp.swift in Sources */,
			);
			runOnlyForDeploymentPostprocessing = 0;
		};
/* End PBXSourcesBuildPhase section */

/* Begin XCBuildConfiguration section */
		10DEA0A52C6761C70079C9C4 /* Debug */ = {
			isa = XCBuildConfiguration;
			buildSettings = {
				ALWAYS_SEARCH_USER_PATHS = NO;
				CLANG_ANALYZER_NONNULL = YES;
				CLANG_ANALYZER_NUMBER_OBJECT_CONVERSION = YES_AGGRESSIVE;
				CLANG_CXX_LANGUAGE_STANDARD = "gnu++20";
				CLANG_ENABLE_MODULES = YES;
				CLANG_ENABLE_OBJC_ARC = YES;
				CLANG_ENABLE_OBJC_WEAK = YES;
				CLANG_WARN_BLOCK_CAPTURE_AUTORELEASING = YES;
				CLANG_WARN_BOOL_CONVERSION = YES;
				CLANG_WARN_COMMA = YES;
				CLANG_WARN_CONSTANT_CONVERSION = YES;
				CLANG_WARN_DEPRECATED_OBJC_IMPLEMENTATIONS = YES;
				CLANG_WARN_DIRECT_OBJC_ISA_USAGE = YES_ERROR;
				CLANG_WARN_DOCUMENTATION_COMMENTS = YES;
				CLANG_WARN_EMPTY_BODY = YES;
				CLANG_WARN_ENUM_CONVERSION = YES;
				CLANG_WARN_INFINITE_RECURSION = YES;
				CLANG_WARN_INT_CONVERSION = YES;
				CLANG_WARN_NON_LITERAL_NULL_CONVERSION = YES;
				CLANG_WARN_OBJC_IMPLICIT_RETAIN_SELF = YES;
				CLANG_WARN_OBJC_LITERAL_CONVERSION = YES;
				CLANG_WARN_OBJC_ROOT_CLASS = YES_ERROR;
				CLANG_WARN_QUOTED_INCLUDE_IN_FRAMEWORK_HEADER = YES;
				CLANG_WARN_RANGE_LOOP_ANALYSIS = YES;
				CLANG_WARN_STRICT_PROTOTYPES = YES;
				CLANG_WARN_SUSPICIOUS_MOVE = YES;
				CLANG_WARN_UNGUARDED_AVAILABILITY = YES_AGGRESSIVE;
				CLANG_WARN_UNREACHABLE_CODE = YES;
				CLANG_WARN__DUPLICATE_METHOD_MATCH = YES;
				COPY_PHASE_STRIP = NO;
				DEBUG_INFORMATION_FORMAT = dwarf;
				ENABLE_STRICT_OBJC_MSGSEND = YES;
				ENABLE_TESTABILITY = YES;
				GCC_C_LANGUAGE_STANDARD = gnu11;
				GCC_DYNAMIC_NO_PIC = NO;
				GCC_NO_COMMON_BLOCKS = YES;
				GCC_OPTIMIZATION_LEVEL = 0;
				GCC_PREPROCESSOR_DEFINITIONS = (
					"DEBUG=1",
					"$(inherited)",
				);
				GCC_WARN_64_TO_32_BIT_CONVERSION = YES;
				GCC_WARN_ABOUT_RETURN_TYPE = YES_ERROR;
				GCC_WARN_UNDECLARED_SELECTOR = YES;
				GCC_WARN_UNINITIALIZED_AUTOS = YES_AGGRESSIVE;
				GCC_WARN_UNUSED_FUNCTION = YES;
				GCC_WARN_UNUSED_VARIABLE = YES;
				IPHONEOS_DEPLOYMENT_TARGET = 16.0;
				MTL_ENABLE_DEBUG_INFO = INCLUDE_SOURCE;
				MTL_FAST_MATH = YES;
				ONLY_ACTIVE_ARCH = YES;
				SDKROOT = iphoneos;
				SWIFT_ACTIVE_COMPILATION_CONDITIONS = DEBUG;
				SWIFT_OPTIMIZATION_LEVEL = "-Onone";
			};
			name = Debug;
		};
		10DEA0A62C6761C70079C9C4 /* Release */ = {
			isa = XCBuildConfiguration;
			buildSettings = {
				ALWAYS_SEARCH_USER_PATHS = NO;
				CLANG_ANALYZER_NONNULL = YES;
				CLANG_ANALYZER_NUMBER_OBJECT_CONVERSION = YES_AGGRESSIVE;
				CLANG_CXX_LANGUAGE_STANDARD = "gnu++20";
				CLANG_ENABLE_MODULES = YES;
				CLANG_ENABLE_OBJC_ARC = YES;
				CLANG_ENABLE_OBJC_WEAK = YES;
				CLANG_WARN_BLOCK_CAPTURE_AUTORELEASING = YES;
				CLANG_WARN_BOOL_CONVERSION = YES;
				CLANG_WARN_COMMA = YES;
				CLANG_WARN_CONSTANT_CONVERSION = YES;
				CLANG_WARN_DEPRECATED_OBJC_IMPLEMENTATIONS = YES;
				CLANG_WARN_DIRECT_OBJC_ISA_USAGE = YES_ERROR;
				CLANG_WARN_DOCUMENTATION_COMMENTS = YES;
				CLANG_WARN_EMPTY_BODY = YES;
				CLANG_WARN_ENUM_CONVERSION = YES;
				CLANG_WARN_INFINITE_RECURSION = YES;
				CLANG_WARN_INT_CONVERSION = YES;
				CLANG_WARN_NON_LITERAL_NULL_CONVERSION = YES;
				CLANG_WARN_OBJC_IMPLICIT_RETAIN_SELF = YES;
				CLANG_WARN_OBJC_LITERAL_CONVERSION = YES;
				CLANG_WARN_OBJC_ROOT_CLASS = YES_ERROR;
				CLANG_WARN_QUOTED_INCLUDE_IN_FRAMEWORK_HEADER = YES;
				CLANG_WARN_RANGE_LOOP_ANALYSIS = YES;
				CLANG_WARN_STRICT_PROTOTYPES = YES;
				CLANG_WARN_SUSPICIOUS_MOVE = YES;
				CLANG_WARN_UNGUARDED_AVAILABILITY = YES_AGGRESSIVE;
				CLANG_WARN_UNREACHABLE_CODE = YES;
				CLANG_WARN__DUPLICATE_METHOD_MATCH = YES;
				COPY_PHASE_STRIP = NO;
				DEBUG_INFORMATION_FORMAT = "dwarf-with-dsym";
				ENABLE_NS_ASSERTIONS = NO;
				ENABLE_STRICT_OBJC_MSGSEND = YES;
				GCC_C_LANGUAGE_STANDARD = gnu11;
				GCC_NO_COMMON_BLOCKS = YES;
				GCC_WARN_64_TO_32_BIT_CONVERSION = YES;
				GCC_WARN_ABOUT_RETURN_TYPE = YES_ERROR;
				GCC_WARN_UNDECLARED_SELECTOR = YES;
				GCC_WARN_UNINITIALIZED_AUTOS = YES_AGGRESSIVE;
				GCC_WARN_UNUSED_FUNCTION = YES;
				GCC_WARN_UNUSED_VARIABLE = YES;
				IPHONEOS_DEPLOYMENT_TARGET = 16.0;
				MTL_ENABLE_DEBUG_INFO = NO;
				MTL_FAST_MATH = YES;
				SDKROOT = iphoneos;
				SWIFT_COMPILATION_MODE = wholemodule;
				SWIFT_OPTIMIZATION_LEVEL = "-O";
				VALIDATE_PRODUCT = YES;
			};
			name = Release;
		};
		10DEA0A82C6761C70079C9C4 /* Debug */ = {
			isa = XCBuildConfiguration;
			buildSettings = {
				ASSETCATALOG_COMPILER_APPICON_NAME = AppIcon;
				ASSETCATALOG_COMPILER_GLOBAL_ACCENT_COLOR_NAME = AccentColor;
				CODE_SIGN_STYLE = Automatic;
				CURRENT_PROJECT_VERSION = 1;
				DEVELOPMENT_ASSET_PATHS = "\"Quiz App/Preview Content\"";
				DEVELOPMENT_TEAM = 767JC457LD;
				ENABLE_PREVIEWS = YES;
				GENERATE_INFOPLIST_FILE = YES;
				INFOPLIST_KEY_UIApplicationSceneManifest_Generation = YES;
				INFOPLIST_KEY_UIApplicationSupportsIndirectInputEvents = YES;
				INFOPLIST_KEY_UILaunchScreen_Generation = YES;
				INFOPLIST_KEY_UISupportedInterfaceOrientations_iPad = "UIInterfaceOrientationPortrait UIInterfaceOrientationPortraitUpsideDown UIInterfaceOrientationLandscapeLeft UIInterfaceOrientationLandscapeRight";
				INFOPLIST_KEY_UISupportedInterfaceOrientations_iPhone = "UIInterfaceOrientationPortrait UIInterfaceOrientationLandscapeLeft UIInterfaceOrientationLandscapeRight";
				LD_RUNPATH_SEARCH_PATHS = (
					"$(inherited)",
					"@executable_path/Frameworks",
				);
				MARKETING_VERSION = 1.0;
				PRODUCT_BUNDLE_IDENTIFIER = "com.mdabirhossain.com.Quiz-App";
				PRODUCT_NAME = "$(TARGET_NAME)";
				SUPPORTED_PLATFORMS = "iphoneos iphonesimulator";
				SUPPORTS_MACCATALYST = NO;
				SUPPORTS_MAC_DESIGNED_FOR_IPHONE_IPAD = NO;
				SWIFT_EMIT_LOC_STRINGS = YES;
				SWIFT_VERSION = 5.0;
				TARGETED_DEVICE_FAMILY = 1;
			};
			name = Debug;
		};
		10DEA0A92C6761C70079C9C4 /* Release */ = {
			isa = XCBuildConfiguration;
			buildSettings = {
				ASSETCATALOG_COMPILER_APPICON_NAME = AppIcon;
				ASSETCATALOG_COMPILER_GLOBAL_ACCENT_COLOR_NAME = AccentColor;
				CODE_SIGN_STYLE = Automatic;
				CURRENT_PROJECT_VERSION = 1;
				DEVELOPMENT_ASSET_PATHS = "\"Quiz App/Preview Content\"";
				DEVELOPMENT_TEAM = 767JC457LD;
				ENABLE_PREVIEWS = YES;
				GENERATE_INFOPLIST_FILE = YES;
				INFOPLIST_KEY_UIApplicationSceneManifest_Generation = YES;
				INFOPLIST_KEY_UIApplicationSupportsIndirectInputEvents = YES;
				INFOPLIST_KEY_UILaunchScreen_Generation = YES;
				INFOPLIST_KEY_UISupportedInterfaceOrientations_iPad = "UIInterfaceOrientationPortrait UIInterfaceOrientationPortraitUpsideDown UIInterfaceOrientationLandscapeLeft UIInterfaceOrientationLandscapeRight";
				INFOPLIST_KEY_UISupportedInterfaceOrientations_iPhone = "UIInterfaceOrientationPortrait UIInterfaceOrientationLandscapeLeft UIInterfaceOrientationLandscapeRight";
				LD_RUNPATH_SEARCH_PATHS = (
					"$(inherited)",
					"@executable_path/Frameworks",
				);
				MARKETING_VERSION = 1.0;
				PRODUCT_BUNDLE_IDENTIFIER = "com.mdabirhossain.com.Quiz-App";
				PRODUCT_NAME = "$(TARGET_NAME)";
				SUPPORTED_PLATFORMS = "iphoneos iphonesimulator";
				SUPPORTS_MACCATALYST = NO;
				SUPPORTS_MAC_DESIGNED_FOR_IPHONE_IPAD = NO;
				SWIFT_EMIT_LOC_STRINGS = YES;
				SWIFT_VERSION = 5.0;
				TARGETED_DEVICE_FAMILY = 1;
			};
			name = Release;
		};
/* End XCBuildConfiguration section */

/* Begin XCConfigurationList section */
		10DEA0942C6761C60079C9C4 /* Build configuration list for PBXProject "Quiz App" */ = {
			isa = XCConfigurationList;
			buildConfigurations = (
				10DEA0A52C6761C70079C9C4 /* Debug */,
				10DEA0A62C6761C70079C9C4 /* Release */,
			);
			defaultConfigurationIsVisible = 0;
			defaultConfigurationName = Release;
		};
		10DEA0A72C6761C70079C9C4 /* Build configuration list for PBXNativeTarget "Quiz App" */ = {
			isa = XCConfigurationList;
			buildConfigurations = (
				10DEA0A82C6761C70079C9C4 /* Debug */,
				10DEA0A92C6761C70079C9C4 /* Release */,
			);
			defaultConfigurationIsVisible = 0;
			defaultConfigurationName = Release;
		};
/* End XCConfigurationList section */
	};
	rootObject = 10DEA0912C6761C60079C9C4 /* Project object */;
}
